// !$*UTF8*$!
{
	archiveVersion = 1;
	classes = {
	};
	objectVersion = 55;
	objects = {

/* Begin PBXBuildFile section */
		F716CE0B289978EE006F789B /* PracticeViewDos.swift in Sources */ = {isa = PBXBuildFile; fileRef = F716CE0A289978EE006F789B /* PracticeViewDos.swift */; };
		F76FC6892892DBB500656AE3 /* UserApplicationApp.swift in Sources */ = {isa = PBXBuildFile; fileRef = F76FC6882892DBB500656AE3 /* UserApplicationApp.swift */; };
		F76FC68B2892DBB500656AE3 /* ContentView.swift in Sources */ = {isa = PBXBuildFile; fileRef = F76FC68A2892DBB500656AE3 /* ContentView.swift */; };
		F76FC68D2892DBB700656AE3 /* Assets.xcassets in Resources */ = {isa = PBXBuildFile; fileRef = F76FC68C2892DBB700656AE3 /* Assets.xcassets */; };
		F76FC6902892DBB700656AE3 /* Preview Assets.xcassets in Resources */ = {isa = PBXBuildFile; fileRef = F76FC68F2892DBB700656AE3 /* Preview Assets.xcassets */; };
		F76FC6972892DDA500656AE3 /* theQuestions.swift in Sources */ = {isa = PBXBuildFile; fileRef = F76FC6962892DDA400656AE3 /* theQuestions.swift */; };
		F76FC69C2892DE0200656AE3 /* Users.swift in Sources */ = {isa = PBXBuildFile; fileRef = F76FC69B2892DE0200656AE3 /* Users.swift */; };
		F76FC69E2892DF8C00656AE3 /* UsersViewModel.swift in Sources */ = {isa = PBXBuildFile; fileRef = F76FC69D2892DF8C00656AE3 /* UsersViewModel.swift */; };
		F76FC6A12892E3A100656AE3 /* data.json in Resources */ = {isa = PBXBuildFile; fileRef = F76FC6A02892E3A100656AE3 /* data.json */; };
		F76FC6A32892E8EA00656AE3 /* practiceView.swift in Sources */ = {isa = PBXBuildFile; fileRef = F76FC6A22892E8EA00656AE3 /* practiceView.swift */; };
		F76FC6A52892EA9B00656AE3 /* SecondView.swift in Sources */ = {isa = PBXBuildFile; fileRef = F76FC6A42892EA9B00656AE3 /* SecondView.swift */; };
/* End PBXBuildFile section */

/* Begin PBXFileReference section */
		F716CE0A289978EE006F789B /* PracticeViewDos.swift */ = {isa = PBXFileReference; lastKnownFileType = sourcecode.swift; path = PracticeViewDos.swift; sourceTree = "<group>"; };
		F76FC6852892DBB400656AE3 /* UserApplication.app */ = {isa = PBXFileReference; explicitFileType = wrapper.application; includeInIndex = 0; path = UserApplication.app; sourceTree = BUILT_PRODUCTS_DIR; };
		F76FC6882892DBB500656AE3 /* UserApplicationApp.swift */ = {isa = PBXFileReference; lastKnownFileType = sourcecode.swift; path = UserApplicationApp.swift; sourceTree = "<group>"; };
		F76FC68A2892DBB500656AE3 /* ContentView.swift */ = {isa = PBXFileReference; lastKnownFileType = sourcecode.swift; path = ContentView.swift; sourceTree = "<group>"; };
		F76FC68C2892DBB700656AE3 /* Assets.xcassets */ = {isa = PBXFileReference; lastKnownFileType = folder.assetcatalog; path = Assets.xcassets; sourceTree = "<group>"; };
		F76FC68F2892DBB700656AE3 /* Preview Assets.xcassets */ = {isa = PBXFileReference; lastKnownFileType = folder.assetcatalog; path = "Preview Assets.xcassets"; sourceTree = "<group>"; };
		F76FC6962892DDA400656AE3 /* theQuestions.swift */ = {isa = PBXFileReference; lastKnownFileType = sourcecode.swift; path = theQuestions.swift; sourceTree = "<group>"; };
		F76FC69B2892DE0200656AE3 /* Users.swift */ = {isa = PBXFileReference; lastKnownFileType = sourcecode.swift; path = Users.swift; sourceTree = "<group>"; };
		F76FC69D2892DF8C00656AE3 /* UsersViewModel.swift */ = {isa = PBXFileReference; lastKnownFileType = sourcecode.swift; path = UsersViewModel.swift; sourceTree = "<group>"; };
		F76FC6A02892E3A100656AE3 /* data.json */ = {isa = PBXFileReference; lastKnownFileType = text.json; path = data.json; sourceTree = "<group>"; };
		F76FC6A22892E8EA00656AE3 /* practiceView.swift */ = {isa = PBXFileReference; lastKnownFileType = sourcecode.swift; path = practiceView.swift; sourceTree = "<group>"; };
		F76FC6A42892EA9B00656AE3 /* SecondView.swift */ = {isa = PBXFileReference; lastKnownFileType = sourcecode.swift; path = SecondView.swift; sourceTree = "<group>"; };
/* End PBXFileReference section */

/* Begin PBXFrameworksBuildPhase section */
		F76FC6822892DBB400656AE3 /* Frameworks */ = {
			isa = PBXFrameworksBuildPhase;
			buildActionMask = 2147483647;
			files = (
			);
			runOnlyForDeploymentPostprocessing = 0;
		};
/* End PBXFrameworksBuildPhase section */

/* Begin PBXGroup section */
		F76FC67C2892DBB400656AE3 = {
			isa = PBXGroup;
			children = (
				F76FC6872892DBB500656AE3 /* UserApplication */,
				F76FC6862892DBB400656AE3 /* Products */,
			);
			sourceTree = "<group>";
		};
		F76FC6862892DBB400656AE3 /* Products */ = {
			isa = PBXGroup;
			children = (
				F76FC6852892DBB400656AE3 /* UserApplication.app */,
			);
			name = Products;
			sourceTree = "<group>";
		};
		F76FC6872892DBB500656AE3 /* UserApplication */ = {
			isa = PBXGroup;
			children = (
				F76FC69F2892E38D00656AE3 /* Resources */,
				F76FC69A2892DDD400656AE3 /* Views */,
				F76FC6992892DDCE00656AE3 /* ViewModel */,
				F76FC6982892DDC700656AE3 /* Model */,
				F76FC6882892DBB500656AE3 /* UserApplicationApp.swift */,
				F76FC68C2892DBB700656AE3 /* Assets.xcassets */,
				F76FC68E2892DBB700656AE3 /* Preview Content */,
				F76FC6962892DDA400656AE3 /* theQuestions.swift */,
			);
			path = UserApplication;
			sourceTree = "<group>";
		};
		F76FC68E2892DBB700656AE3 /* Preview Content */ = {
			isa = PBXGroup;
			children = (
				F76FC68F2892DBB700656AE3 /* Preview Assets.xcassets */,
			);
			path = "Preview Content";
			sourceTree = "<group>";
		};
		F76FC6982892DDC700656AE3 /* Model */ = {
			isa = PBXGroup;
			children = (
				F76FC69B2892DE0200656AE3 /* Users.swift */,
			);
			path = Model;
			sourceTree = "<group>";
		};
		F76FC6992892DDCE00656AE3 /* ViewModel */ = {
			isa = PBXGroup;
			children = (
				F76FC69D2892DF8C00656AE3 /* UsersViewModel.swift */,
			);
			path = ViewModel;
			sourceTree = "<group>";
		};
		F76FC69A2892DDD400656AE3 /* Views */ = {
			isa = PBXGroup;
			children = (
				F76FC68A2892DBB500656AE3 /* ContentView.swift */,
				F76FC6A22892E8EA00656AE3 /* practiceView.swift */,
				F76FC6A42892EA9B00656AE3 /* SecondView.swift */,
				F716CE0A289978EE006F789B /* PracticeViewDos.swift */,
			);
			path = Views;
			sourceTree = "<group>";
		};
		F76FC69F2892E38D00656AE3 /* Resources */ = {
			isa = PBXGroup;
			children = (
				F76FC6A02892E3A100656AE3 /* data.json */,
			);
			path = Resources;
			sourceTree = "<group>";
		};
/* End PBXGroup section */

/* Begin PBXNativeTarget section */
		F76FC6842892DBB400656AE3 /* UserApplication */ = {
			isa = PBXNativeTarget;
			buildConfigurationList = F76FC6932892DBB700656AE3 /* Build configuration list for PBXNativeTarget "UserApplication" */;
			buildPhases = (
				F76FC6812892DBB400656AE3 /* Sources */,
				F76FC6822892DBB400656AE3 /* Frameworks */,
				F76FC6832892DBB400656AE3 /* Resources */,
			);
			buildRules = (
			);
			dependencies = (
			);
			name = UserApplication;
			productName = UserApplication;
			productReference = F76FC6852892DBB400656AE3 /* UserApplication.app */;
			productType = "com.apple.product-type.application";
		};
/* End PBXNativeTarget section */

/* Begin PBXProject section */
		F76FC67D2892DBB400656AE3 /* Project object */ = {
			isa = PBXProject;
			attributes = {
				BuildIndependentTargetsInParallel = 1;
				LastSwiftUpdateCheck = 1340;
				LastUpgradeCheck = 1340;
				TargetAttributes = {
					F76FC6842892DBB400656AE3 = {
						CreatedOnToolsVersion = 13.4.1;
					};
				};
			};
			buildConfigurationList = F76FC6802892DBB400656AE3 /* Build configuration list for PBXProject "UserApplication" */;
			compatibilityVersion = "Xcode 13.0";
			developmentRegion = en;
			hasScannedForEncodings = 0;
			knownRegions = (
				en,
				Base,
			);
			mainGroup = F76FC67C2892DBB400656AE3;
			productRefGroup = F76FC6862892DBB400656AE3 /* Products */;
			projectDirPath = "";
			projectRoot = "";
			targets = (
				F76FC6842892DBB400656AE3 /* UserApplication */,
			);
		};
/* End PBXProject section */

/* Begin PBXResourcesBuildPhase section */
		F76FC6832892DBB400656AE3 /* Resources */ = {
			isa = PBXResourcesBuildPhase;
			buildActionMask = 2147483647;
			files = (
				F76FC6902892DBB700656AE3 /* Preview Assets.xcassets in Resources */,
				F76FC6A12892E3A100656AE3 /* data.json in Resources */,
				F76FC68D2892DBB700656AE3 /* Assets.xcassets in Resources */,
			);
			runOnlyForDeploymentPostprocessing = 0;
		};
/* End PBXResourcesBuildPhase section */

/* Begin PBXSourcesBuildPhase section */
		F76FC6812892DBB400656AE3 /* Sources */ = {
			isa = PBXSourcesBuildPhase;
			buildActionMask = 2147483647;
			files = (
				F76FC6A52892EA9B00656AE3 /* SecondView.swift in Sources */,
				F76FC69C2892DE0200656AE3 /* Users.swift in Sources */,
				F76FC6A32892E8EA00656AE3 /* practiceView.swift in Sources */,
				F76FC68B2892DBB500656AE3 /* ContentView.swift in Sources */,
				F716CE0B289978EE006F789B /* PracticeViewDos.swift in Sources */,
				F76FC6972892DDA500656AE3 /* theQuestions.swift in Sources */,
				F76FC6892892DBB500656AE3 /* UserApplicationApp.swift in Sources */,
				F76FC69E2892DF8C00656AE3 /* UsersViewModel.swift in Sources */,
			);
			runOnlyForDeploymentPostprocessing = 0;
		};
/* End PBXSourcesBuildPhase section */

/* Begin XCBuildConfiguration section */
		F76FC6912892DBB700656AE3 /* Debug */ = {
			isa = XCBuildConfiguration;
			buildSettings = {
				ALWAYS_SEARCH_USER_PATHS = NO;
				CLANG_ANALYZER_NONNULL = YES;
				CLANG_ANALYZER_NUMBER_OBJECT_CONVERSION = YES_AGGRESSIVE;
				CLANG_CXX_LANGUAGE_STANDARD = "gnu++17";
				CLANG_ENABLE_MODULES = YES;
				CLANG_ENABLE_OBJC_ARC = YES;
				CLANG_ENABLE_OBJC_WEAK = YES;
				CLANG_WARN_BLOCK_CAPTURE_AUTORELEASING = YES;
				CLANG_WARN_BOOL_CONVERSION = YES;
				CLANG_WARN_COMMA = YES;
				CLANG_WARN_CONSTANT_CONVERSION = YES;
				CLANG_WARN_DEPRECATED_OBJC_IMPLEMENTATIONS = YES;
				CLANG_WARN_DIRECT_OBJC_ISA_USAGE = YES_ERROR;
				CLANG_WARN_DOCUMENTATION_COMMENTS = YES;
				CLANG_WARN_EMPTY_BODY = YES;
				CLANG_WARN_ENUM_CONVERSION = YES;
				CLANG_WARN_INFINITE_RECURSION = YES;
				CLANG_WARN_INT_CONVERSION = YES;
				CLANG_WARN_NON_LITERAL_NULL_CONVERSION = YES;
				CLANG_WARN_OBJC_IMPLICIT_RETAIN_SELF = YES;
				CLANG_WARN_OBJC_LITERAL_CONVERSION = YES;
				CLANG_WARN_OBJC_ROOT_CLASS = YES_ERROR;
				CLANG_WARN_QUOTED_INCLUDE_IN_FRAMEWORK_HEADER = YES;
				CLANG_WARN_RANGE_LOOP_ANALYSIS = YES;
				CLANG_WARN_STRICT_PROTOTYPES = YES;
				CLANG_WARN_SUSPICIOUS_MOVE = YES;
				CLANG_WARN_UNGUARDED_AVAILABILITY = YES_AGGRESSIVE;
				CLANG_WARN_UNREACHABLE_CODE = YES;
				CLANG_WARN__DUPLICATE_METHOD_MATCH = YES;
				COPY_PHASE_STRIP = NO;
				DEBUG_INFORMATION_FORMAT = dwarf;
				ENABLE_STRICT_OBJC_MSGSEND = YES;
				ENABLE_TESTABILITY = YES;
				GCC_C_LANGUAGE_STANDARD = gnu11;
				GCC_DYNAMIC_NO_PIC = NO;
				GCC_NO_COMMON_BLOCKS = YES;
				GCC_OPTIMIZATION_LEVEL = 0;
				GCC_PREPROCESSOR_DEFINITIONS = (
					"DEBUG=1",
					"$(inherited)",
				);
				GCC_WARN_64_TO_32_BIT_CONVERSION = YES;
				GCC_WARN_ABOUT_RETURN_TYPE = YES_ERROR;
				GCC_WARN_UNDECLARED_SELECTOR = YES;
				GCC_WARN_UNINITIALIZED_AUTOS = YES_AGGRESSIVE;
				GCC_WARN_UNUSED_FUNCTION = YES;
				GCC_WARN_UNUSED_VARIABLE = YES;
				IPHONEOS_DEPLOYMENT_TARGET = 15.5;
				MTL_ENABLE_DEBUG_INFO = INCLUDE_SOURCE;
				MTL_FAST_MATH = YES;
				ONLY_ACTIVE_ARCH = YES;
				SDKROOT = iphoneos;
				SWIFT_ACTIVE_COMPILATION_CONDITIONS = DEBUG;
				SWIFT_OPTIMIZATION_LEVEL = "-Onone";
			};
			name = Debug;
		};
		F76FC6922892DBB700656AE3 /* Release */ = {
			isa = XCBuildConfiguration;
			buildSettings = {
				ALWAYS_SEARCH_USER_PATHS = NO;
				CLANG_ANALYZER_NONNULL = YES;
				CLANG_ANALYZER_NUMBER_OBJECT_CONVERSION = YES_AGGRESSIVE;
				CLANG_CXX_LANGUAGE_STANDARD = "gnu++17";
				CLANG_ENABLE_MODULES = YES;
				CLANG_ENABLE_OBJC_ARC = YES;
				CLANG_ENABLE_OBJC_WEAK = YES;
				CLANG_WARN_BLOCK_CAPTURE_AUTORELEASING = YES;
				CLANG_WARN_BOOL_CONVERSION = YES;
				CLANG_WARN_COMMA = YES;
				CLANG_WARN_CONSTANT_CONVERSION = YES;
				CLANG_WARN_DEPRECATED_OBJC_IMPLEMENTATIONS = YES;
				CLANG_WARN_DIRECT_OBJC_ISA_USAGE = YES_ERROR;
				CLANG_WARN_DOCUMENTATION_COMMENTS = YES;
				CLANG_WARN_EMPTY_BODY = YES;
				CLANG_WARN_ENUM_CONVERSION = YES;
				CLANG_WARN_INFINITE_RECURSION = YES;
				CLANG_WARN_INT_CONVERSION = YES;
				CLANG_WARN_NON_LITERAL_NULL_CONVERSION = YES;
				CLANG_WARN_OBJC_IMPLICIT_RETAIN_SELF = YES;
				CLANG_WARN_OBJC_LITERAL_CONVERSION = YES;
				CLANG_WARN_OBJC_ROOT_CLASS = YES_ERROR;
				CLANG_WARN_QUOTED_INCLUDE_IN_FRAMEWORK_HEADER = YES;
				CLANG_WARN_RANGE_LOOP_ANALYSIS = YES;
				CLANG_WARN_STRICT_PROTOTYPES = YES;
				CLANG_WARN_SUSPICIOUS_MOVE = YES;
				CLANG_WARN_UNGUARDED_AVAILABILITY = YES_AGGRESSIVE;
				CLANG_WARN_UNREACHABLE_CODE = YES;
				CLANG_WARN__DUPLICATE_METHOD_MATCH = YES;
				COPY_PHASE_STRIP = NO;
				DEBUG_INFORMATION_FORMAT = "dwarf-with-dsym";
				ENABLE_NS_ASSERTIONS = NO;
				ENABLE_STRICT_OBJC_MSGSEND = YES;
				GCC_C_LANGUAGE_STANDARD = gnu11;
				GCC_NO_COMMON_BLOCKS = YES;
				GCC_WARN_64_TO_32_BIT_CONVERSION = YES;
				GCC_WARN_ABOUT_RETURN_TYPE = YES_ERROR;
				GCC_WARN_UNDECLARED_SELECTOR = YES;
				GCC_WARN_UNINITIALIZED_AUTOS = YES_AGGRESSIVE;
				GCC_WARN_UNUSED_FUNCTION = YES;
				GCC_WARN_UNUSED_VARIABLE = YES;
				IPHONEOS_DEPLOYMENT_TARGET = 15.5;
				MTL_ENABLE_DEBUG_INFO = NO;
				MTL_FAST_MATH = YES;
				SDKROOT = iphoneos;
				SWIFT_COMPILATION_MODE = wholemodule;
				SWIFT_OPTIMIZATION_LEVEL = "-O";
				VALIDATE_PRODUCT = YES;
			};
			name = Release;
		};
		F76FC6942892DBB700656AE3 /* Debug */ = {
			isa = XCBuildConfiguration;
			buildSettings = {
				ASSETCATALOG_COMPILER_APPICON_NAME = AppIcon;
				ASSETCATALOG_COMPILER_GLOBAL_ACCENT_COLOR_NAME = AccentColor;
				CODE_SIGN_STYLE = Automatic;
				CURRENT_PROJECT_VERSION = 1;
				DEVELOPMENT_ASSET_PATHS = "\"UserApplication/Preview Content\"";
				ENABLE_PREVIEWS = YES;
				GENERATE_INFOPLIST_FILE = YES;
				INFOPLIST_KEY_UIApplicationSceneManifest_Generation = YES;
				INFOPLIST_KEY_UIApplicationSupportsIndirectInputEvents = YES;
				INFOPLIST_KEY_UILaunchScreen_Generation = YES;
				INFOPLIST_KEY_UISupportedInterfaceOrientations_iPad = "UIInterfaceOrientationPortrait UIInterfaceOrientationPortraitUpsideDown UIInterfaceOrientationLandscapeLeft UIInterfaceOrientationLandscapeRight";
				INFOPLIST_KEY_UISupportedInterfaceOrientations_iPhone = "UIInterfaceOrientationPortrait UIInterfaceOrientationLandscapeLeft UIInterfaceOrientationLandscapeRight";
				LD_RUNPATH_SEARCH_PATHS = (
					"$(inherited)",
					"@executable_path/Frameworks",
				);
				MARKETING_VERSION = 1.0;
				PRODUCT_BUNDLE_IDENTIFIER = lee.UserApplication;
				PRODUCT_NAME = "$(TARGET_NAME)";
				SWIFT_EMIT_LOC_STRINGS = YES;
				SWIFT_VERSION = 5.0;
				TARGETED_DEVICE_FAMILY = "1,2";
			};
			name = Debug;
		};
		F76FC6952892DBB700656AE3 /* Release */ = {
			isa = XCBuildConfiguration;
			buildSettings = {
				ASSETCATALOG_COMPILER_APPICON_NAME = AppIcon;
				ASSETCATALOG_COMPILER_GLOBAL_ACCENT_COLOR_NAME = AccentColor;
				CODE_SIGN_STYLE = Automatic;
				CURRENT_PROJECT_VERSION = 1;
				DEVELOPMENT_ASSET_PATHS = "\"UserApplication/Preview Content\"";
				ENABLE_PREVIEWS = YES;
				GENERATE_INFOPLIST_FILE = YES;
				INFOPLIST_KEY_UIApplicationSceneManifest_Generation = YES;
				INFOPLIST_KEY_UIApplicationSupportsIndirectInputEvents = YES;
				INFOPLIST_KEY_UILaunchScreen_Generation = YES;
				INFOPLIST_KEY_UISupportedInterfaceOrientations_iPad = "UIInterfaceOrientationPortrait UIInterfaceOrientationPortraitUpsideDown UIInterfaceOrientationLandscapeLeft UIInterfaceOrientationLandscapeRight";
				INFOPLIST_KEY_UISupportedInterfaceOrientations_iPhone = "UIInterfaceOrientationPortrait UIInterfaceOrientationLandscapeLeft UIInterfaceOrientationLandscapeRight";
				LD_RUNPATH_SEARCH_PATHS = (
					"$(inherited)",
					"@executable_path/Frameworks",
				);
				MARKETING_VERSION = 1.0;
				PRODUCT_BUNDLE_IDENTIFIER = lee.UserApplication;
				PRODUCT_NAME = "$(TARGET_NAME)";
				SWIFT_EMIT_LOC_STRINGS = YES;
				SWIFT_VERSION = 5.0;
				TARGETED_DEVICE_FAMILY = "1,2";
			};
			name = Release;
		};
/* End XCBuildConfiguration section */

/* Begin XCConfigurationList section */
		F76FC6802892DBB400656AE3 /* Build configuration list for PBXProject "UserApplication" */ = {
			isa = XCConfigurationList;
			buildConfigurations = (
				F76FC6912892DBB700656AE3 /* Debug */,
				F76FC6922892DBB700656AE3 /* Release */,
			);
			defaultConfigurationIsVisible = 0;
			defaultConfigurationName = Release;
		};
		F76FC6932892DBB700656AE3 /* Build configuration list for PBXNativeTarget "UserApplication" */ = {
			isa = XCConfigurationList;
			buildConfigurations = (
				F76FC6942892DBB700656AE3 /* Debug */,
				F76FC6952892DBB700656AE3 /* Release */,
			);
			defaultConfigurationIsVisible = 0;
			defaultConfigurationName = Release;
		};
/* End XCConfigurationList section */
	};
	rootObject = F76FC67D2892DBB400656AE3 /* Project object */;
}
